
Microsoft Visual Studio Solution File, Format Version 12.00
# Visual Studio Version 16
VisualStudioVersion = 16.0.30309.148
MinimumVisualStudioVersion = 10.0.40219.1
Project("{FAE04EC0-301F-11D3-BF4B-00C04F79EFBC}") = "SalesWebMvc", "SalesWebMvc\SalesWebMvc.csproj", "{9A9E4FFE-5B92-4AA2-9E89-A63B509C8060}"
EndProject
Global
	GlobalSection(SolutionConfigurationPlatforms) = preSolution
		Debug|Any CPU = Debug|Any CPU
		Release|Any CPU = Release|Any CPU
	EndGlobalSection
	GlobalSection(ProjectConfigurationPlatforms) = postSolution
		{9A9E4FFE-5B92-4AA2-9E89-A63B509C8060}.Debug|Any CPU.ActiveCfg = Debug|Any CPU
		{9A9E4FFE-5B92-4AA2-9E89-A63B509C8060}.Debug|Any CPU.Build.0 = Debug|Any CPU
		{9A9E4FFE-5B92-4AA2-9E89-A63B509C8060}.Release|Any CPU.ActiveCfg = Release|Any CPU
		{9A9E4FFE-5B92-4AA2-9E89-A63B509C8060}.Release|Any CPU.Build.0 = Release|Any CPU
	EndGlobalSection
	GlobalSection(SolutionProperties) = preSolution
		HideSolutionNode = FALSE
	EndGlobalSection
	GlobalSection(ExtensibilityGlobals) = postSolution
		SolutionGuid = {F4F8CB0C-997A-444A-9952-1E8B2863B03F}
	EndGlobalSection
EndGlobal
